
Microsoft Visual Studio Solution File, Format Version 12.00
# Visual Studio Version 17
VisualStudioVersion = 17.3.32929.385
MinimumVisualStudioVersion = 10.0.40219.1
Project("{9A19103F-16F7-4668-BE54-9A1E7A4F7556}") = "JobManager", "JobManager\JobManager.csproj", "{16BF44FF-61DA-4A32-AAEF-912F5892CECF}"
EndProject
Global
	GlobalSection(SolutionConfigurationPlatforms) = preSolution
		Debug|Any CPU = Debug|Any CPU
		Release|Any CPU = Release|Any CPU
	EndGlobalSection
	GlobalSection(ProjectConfigurationPlatforms) = postSolution
		{16BF44FF-61DA-4A32-AAEF-912F5892CECF}.Debug|Any CPU.ActiveCfg = Debug|Any CPU
		{16BF44FF-61DA-4A32-AAEF-912F5892CECF}.Debug|Any CPU.Build.0 = Debug|Any CPU
		{16BF44FF-61DA-4A32-AAEF-912F5892CECF}.Release|Any CPU.ActiveCfg = Release|Any CPU
		{16BF44FF-61DA-4A32-AAEF-912F5892CECF}.Release|Any CPU.Build.0 = Release|Any CPU
	EndGlobalSection
	GlobalSection(SolutionProperties) = preSolution
		HideSolutionNode = FALSE
	EndGlobalSection
	GlobalSection(ExtensibilityGlobals) = postSolution
		SolutionGuid = {37C6CBAC-2515-462C-B1DA-8B90FC0601A1}
	EndGlobalSection
EndGlobal
